
Microsoft Visual Studio Solution File, Format Version 11.00
# Visual Studio 2010
Project("{FAE04EC0-301F-11D3-BF4B-00C04F79EFBC}") = "VuforiaScripts", "VuforiaScripts.csproj", "{F40936E5-CDC7-2D95-9696-55145A3414AA}"
EndProject
Project("{FAE04EC0-301F-11D3-BF4B-00C04F79EFBC}") = "Assembly-CSharp", "Assembly-CSharp.csproj", "{C2350B73-EC42-A690-7CA8-8C9400A9AC7B}"
EndProject
Project("{FAE04EC0-301F-11D3-BF4B-00C04F79EFBC}") = "VuforiaEditorScripts", "VuforiaEditorScripts.csproj", "{793D5AC1-4D34-3726-3498-50C894F4EB39}"
EndProject
Global
	GlobalSection(SolutionConfigurationPlatforms) = preSolution
		Debug|Any CPU = Debug|Any CPU
		Release|Any CPU = Release|Any CPU
	EndGlobalSection
	GlobalSection(ProjectConfigurationPlatforms) = postSolution
		{F40936E5-CDC7-2D95-9696-55145A3414AA}.Debug|Any CPU.ActiveCfg = Debug|Any CPU
		{F40936E5-CDC7-2D95-9696-55145A3414AA}.Debug|Any CPU.Build.0 = Debug|Any CPU
		{F40936E5-CDC7-2D95-9696-55145A3414AA}.Release|Any CPU.ActiveCfg = Release|Any CPU
		{F40936E5-CDC7-2D95-9696-55145A3414AA}.Release|Any CPU.Build.0 = Release|Any CPU
		{C2350B73-EC42-A690-7CA8-8C9400A9AC7B}.Debug|Any CPU.ActiveCfg = Debug|Any CPU
		{C2350B73-EC42-A690-7CA8-8C9400A9AC7B}.Debug|Any CPU.Build.0 = Debug|Any CPU
		{C2350B73-EC42-A690-7CA8-8C9400A9AC7B}.Release|Any CPU.ActiveCfg = Release|Any CPU
		{C2350B73-EC42-A690-7CA8-8C9400A9AC7B}.Release|Any CPU.Build.0 = Release|Any CPU
		{793D5AC1-4D34-3726-3498-50C894F4EB39}.Debug|Any CPU.ActiveCfg = Debug|Any CPU
		{793D5AC1-4D34-3726-3498-50C894F4EB39}.Debug|Any CPU.Build.0 = Debug|Any CPU
		{793D5AC1-4D34-3726-3498-50C894F4EB39}.Release|Any CPU.ActiveCfg = Release|Any CPU
		{793D5AC1-4D34-3726-3498-50C894F4EB39}.Release|Any CPU.Build.0 = Release|Any CPU
	EndGlobalSection
	GlobalSection(SolutionProperties) = preSolution
		HideSolutionNode = FALSE
	EndGlobalSection
EndGlobal
